
Microsoft Visual Studio Solution File, Format Version 12.00
# Visual Studio Version 17
VisualStudioVersion = 17.6.33723.286
MinimumVisualStudioVersion = 10.0.40219.1
Project("{FAE04EC0-301F-11D3-BF4B-00C04F79EFBC}") = "DLL", "DLL\DLL.csproj", "{CC3FCD64-0347-4508-89A5-8A3FD872ACB1}"
EndProject
Project("{FAE04EC0-301F-11D3-BF4B-00C04F79EFBC}") = "Entities", "Entities\Entities.csproj", "{36D1319B-D031-4338-A317-8516E47968F0}"
EndProject
Global
	GlobalSection(SolutionConfigurationPlatforms) = preSolution
		Debug|Any CPU = Debug|Any CPU
		Release|Any CPU = Release|Any CPU
	EndGlobalSection
	GlobalSection(ProjectConfigurationPlatforms) = postSolution
		{CC3FCD64-0347-4508-89A5-8A3FD872ACB1}.Debug|Any CPU.ActiveCfg = Debug|Any CPU
		{CC3FCD64-0347-4508-89A5-8A3FD872ACB1}.Debug|Any CPU.Build.0 = Debug|Any CPU
		{CC3FCD64-0347-4508-89A5-8A3FD872ACB1}.Release|Any CPU.ActiveCfg = Release|Any CPU
		{CC3FCD64-0347-4508-89A5-8A3FD872ACB1}.Release|Any CPU.Build.0 = Release|Any CPU
		{36D1319B-D031-4338-A317-8516E47968F0}.Debug|Any CPU.ActiveCfg = Debug|Any CPU
		{36D1319B-D031-4338-A317-8516E47968F0}.Debug|Any CPU.Build.0 = Debug|Any CPU
		{36D1319B-D031-4338-A317-8516E47968F0}.Release|Any CPU.ActiveCfg = Release|Any CPU
		{36D1319B-D031-4338-A317-8516E47968F0}.Release|Any CPU.Build.0 = Release|Any CPU
	EndGlobalSection
	GlobalSection(SolutionProperties) = preSolution
		HideSolutionNode = FALSE
	EndGlobalSection
	GlobalSection(ExtensibilityGlobals) = postSolution
		SolutionGuid = {27812826-4643-4BF8-9E2B-03DC80897CBF}
	EndGlobalSection
EndGlobal
